
Microsoft Visual Studio Solution File, Format Version 12.00
# Visual Studio Version 17
VisualStudioVersion = 17.4.33122.133
MinimumVisualStudioVersion = 10.0.40219.1
Project("{9A19103F-16F7-4668-BE54-9A1E7A4F7556}") = "PhotoMod", "PhotoMod.csproj", "{582A62E2-143A-4C2E-9895-B248CDCA12D8}"
EndProject
Global
	GlobalSection(SolutionConfigurationPlatforms) = preSolution
		Debug|Any CPU = Debug|Any CPU
		Release|Any CPU = Release|Any CPU
	EndGlobalSection
	GlobalSection(ProjectConfigurationPlatforms) = postSolution
		{582A62E2-143A-4C2E-9895-B248CDCA12D8}.Debug|Any CPU.ActiveCfg = Debug|Any CPU
		{582A62E2-143A-4C2E-9895-B248CDCA12D8}.Debug|Any CPU.Build.0 = Debug|Any CPU
		{582A62E2-143A-4C2E-9895-B248CDCA12D8}.Release|Any CPU.ActiveCfg = Release|Any CPU
		{582A62E2-143A-4C2E-9895-B248CDCA12D8}.Release|Any CPU.Build.0 = Release|Any CPU
	EndGlobalSection
	GlobalSection(SolutionProperties) = preSolution
		HideSolutionNode = FALSE
	EndGlobalSection
	GlobalSection(ExtensibilityGlobals) = postSolution
		SolutionGuid = {5C9D91C9-656A-480A-BB9A-14BA3229EBF0}
	EndGlobalSection
EndGlobal
